
Microsoft Visual Studio Solution File, Format Version 12.00
# Visual Studio Version 16
VisualStudioVersion = 16.0.28803.352
MinimumVisualStudioVersion = 10.0.40219.1
Project("{FAE04EC0-301F-11D3-BF4B-00C04F79EFBC}") = "ChineseChess", "ChineseChess.csproj", "{196ED32F-0BAF-F1DA-3AC7-55B097E5B528}"
EndProject
Global
	GlobalSection(SolutionConfigurationPlatforms) = preSolution
		Debug|Any CPU = Debug|Any CPU
		Release|Any CPU = Release|Any CPU
	EndGlobalSection
	GlobalSection(ProjectConfigurationPlatforms) = postSolution
		{196ED32F-0BAF-F1DA-3AC7-55B097E5B528}.Debug|Any CPU.ActiveCfg = Debug|Any CPU
		{196ED32F-0BAF-F1DA-3AC7-55B097E5B528}.Debug|Any CPU.Build.0 = Debug|Any CPU
		{196ED32F-0BAF-F1DA-3AC7-55B097E5B528}.Release|Any CPU.ActiveCfg = Release|Any CPU
		{196ED32F-0BAF-F1DA-3AC7-55B097E5B528}.Release|Any CPU.Build.0 = Release|Any CPU
	EndGlobalSection
	GlobalSection(SolutionProperties) = preSolution
		HideSolutionNode = FALSE
	EndGlobalSection
	GlobalSection(ExtensibilityGlobals) = postSolution
		SolutionGuid = {C2524790-9BAB-41F0-A855-027BA53DBACB}
	EndGlobalSection
EndGlobal
